
Microsoft Visual Studio Solution File, Format Version 12.00
# Visual Studio Version 17
VisualStudioVersion = 17.5.002.0
MinimumVisualStudioVersion = 10.0.40219.1
Project("{9A19103F-16F7-4668-BE54-9A1E7A4F7556}") = "API", "API\API.csproj", "{B4787C6B-E0F7-4E40-902F-79AEBC7C2018}"
EndProject
Global
	GlobalSection(SolutionConfigurationPlatforms) = preSolution
		Debug|Any CPU = Debug|Any CPU
		Release|Any CPU = Release|Any CPU
	EndGlobalSection
	GlobalSection(ProjectConfigurationPlatforms) = postSolution
		{B4787C6B-E0F7-4E40-902F-79AEBC7C2018}.Debug|Any CPU.ActiveCfg = Debug|Any CPU
		{B4787C6B-E0F7-4E40-902F-79AEBC7C2018}.Debug|Any CPU.Build.0 = Debug|Any CPU
		{B4787C6B-E0F7-4E40-902F-79AEBC7C2018}.Release|Any CPU.ActiveCfg = Release|Any CPU
		{B4787C6B-E0F7-4E40-902F-79AEBC7C2018}.Release|Any CPU.Build.0 = Release|Any CPU
	EndGlobalSection
	GlobalSection(SolutionProperties) = preSolution
		HideSolutionNode = FALSE
	EndGlobalSection
	GlobalSection(ExtensibilityGlobals) = postSolution
		SolutionGuid = {E217AF1D-33EE-4B61-B4B8-411751220399}
	EndGlobalSection
EndGlobal
